
Microsoft Visual Studio Solution File, Format Version 12.00
# Visual Studio Version 16
VisualStudioVersion = 16.0.30611.23
MinimumVisualStudioVersion = 10.0.40219.1
Project("{8BC9CEB8-8B4A-11D0-8D11-00A0C91BC942}") = "Pong", "Pong.vcxproj", "{C2CA9438-1DB2-4E3B-97BA-CB764AFEC3FA}"
EndProject
Global
	GlobalSection(SolutionConfigurationPlatforms) = preSolution
		Debug|x64 = Debug|x64
		Debug|x86 = Debug|x86
		Release|x64 = Release|x64
		Release|x86 = Release|x86
	EndGlobalSection
	GlobalSection(ProjectConfigurationPlatforms) = postSolution
		{C2CA9438-1DB2-4E3B-97BA-CB764AFEC3FA}.Debug|x64.ActiveCfg = Debug|x64
		{C2CA9438-1DB2-4E3B-97BA-CB764AFEC3FA}.Debug|x64.Build.0 = Debug|x64
		{C2CA9438-1DB2-4E3B-97BA-CB764AFEC3FA}.Debug|x86.ActiveCfg = Debug|Win32
		{C2CA9438-1DB2-4E3B-97BA-CB764AFEC3FA}.Debug|x86.Build.0 = Debug|Win32
		{C2CA9438-1DB2-4E3B-97BA-CB764AFEC3FA}.Release|x64.ActiveCfg = Release|x64
		{C2CA9438-1DB2-4E3B-97BA-CB764AFEC3FA}.Release|x64.Build.0 = Release|x64
		{C2CA9438-1DB2-4E3B-97BA-CB764AFEC3FA}.Release|x86.ActiveCfg = Release|Win32
		{C2CA9438-1DB2-4E3B-97BA-CB764AFEC3FA}.Release|x86.Build.0 = Release|Win32
	EndGlobalSection
	GlobalSection(SolutionProperties) = preSolution
		HideSolutionNode = FALSE
	EndGlobalSection
	GlobalSection(ExtensibilityGlobals) = postSolution
		SolutionGuid = {D6D56F52-75D6-407D-947B-5F1C2DE88081}
	EndGlobalSection
EndGlobal
